
Microsoft Visual Studio Solution File, Format Version 12.00
# Visual Studio 15
VisualStudioVersion = 15.0.28307.852
MinimumVisualStudioVersion = 10.0.40219.1
Project("{9A19103F-16F7-4668-BE54-9A1E7A4F7556}") = "BackEnd", "BackEnd.csproj", "{5B58372E-86D1-4996-9FA9-D8D22873F4E6}"
EndProject
Global
	GlobalSection(SolutionConfigurationPlatforms) = preSolution
		Debug|Any CPU = Debug|Any CPU
		Release|Any CPU = Release|Any CPU
	EndGlobalSection
	GlobalSection(ProjectConfigurationPlatforms) = postSolution
		{5B58372E-86D1-4996-9FA9-D8D22873F4E6}.Debug|Any CPU.ActiveCfg = Debug|Any CPU
		{5B58372E-86D1-4996-9FA9-D8D22873F4E6}.Debug|Any CPU.Build.0 = Debug|Any CPU
		{5B58372E-86D1-4996-9FA9-D8D22873F4E6}.Release|Any CPU.ActiveCfg = Release|Any CPU
		{5B58372E-86D1-4996-9FA9-D8D22873F4E6}.Release|Any CPU.Build.0 = Release|Any CPU
	EndGlobalSection
	GlobalSection(SolutionProperties) = preSolution
		HideSolutionNode = FALSE
	EndGlobalSection
	GlobalSection(ExtensibilityGlobals) = postSolution
		SolutionGuid = {02F486B3-9930-40C6-B67F-AE5F9FE07939}
	EndGlobalSection
EndGlobal
